
Microsoft Visual Studio Solution File, Format Version 12.00
# Visual Studio 15
VisualStudioVersion = 15.0.27703.2042
MinimumVisualStudioVersion = 10.0.40219.1
Project("{9A19103F-16F7-4668-BE54-9A1E7A4F7556}") = "log4net.Kafka.Core", "log4net.Kafka.Core\log4net.Kafka.Core.csproj", "{43E70B6F-FC4D-4C43-AA9C-B187B04CD2AC}"
EndProject
Project("{FAE04EC0-301F-11D3-BF4B-00C04F79EFBC}") = "log4net.Kafka.Core.App", "log4net.Kafka.Core.App\log4net.Kafka.Core.App.csproj", "{7F565F00-2CF5-4F59-B63F-276A042A90DE}"
EndProject
Global
	GlobalSection(SolutionConfigurationPlatforms) = preSolution
		Debug|Any CPU = Debug|Any CPU
		Release|Any CPU = Release|Any CPU
	EndGlobalSection
	GlobalSection(ProjectConfigurationPlatforms) = postSolution
		{43E70B6F-FC4D-4C43-AA9C-B187B04CD2AC}.Debug|Any CPU.ActiveCfg = Debug|Any CPU
		{43E70B6F-FC4D-4C43-AA9C-B187B04CD2AC}.Debug|Any CPU.Build.0 = Debug|Any CPU
		{43E70B6F-FC4D-4C43-AA9C-B187B04CD2AC}.Release|Any CPU.ActiveCfg = Release|Any CPU
		{43E70B6F-FC4D-4C43-AA9C-B187B04CD2AC}.Release|Any CPU.Build.0 = Release|Any CPU
		{7F565F00-2CF5-4F59-B63F-276A042A90DE}.Debug|Any CPU.ActiveCfg = Debug|Any CPU
		{7F565F00-2CF5-4F59-B63F-276A042A90DE}.Debug|Any CPU.Build.0 = Debug|Any CPU
		{7F565F00-2CF5-4F59-B63F-276A042A90DE}.Release|Any CPU.ActiveCfg = Release|Any CPU
		{7F565F00-2CF5-4F59-B63F-276A042A90DE}.Release|Any CPU.Build.0 = Release|Any CPU
	EndGlobalSection
	GlobalSection(SolutionProperties) = preSolution
		HideSolutionNode = FALSE
	EndGlobalSection
	GlobalSection(ExtensibilityGlobals) = postSolution
		SolutionGuid = {23BC83A6-1B8D-4413-923D-0E0E6906A1AE}
	EndGlobalSection
EndGlobal
