
Microsoft Visual Studio Solution File, Format Version 12.00
# Visual Studio Version 16
VisualStudioVersion = 16.0.29306.81
MinimumVisualStudioVersion = 10.0.40219.1
Project("{2150E333-8FDC-42A3-9474-1A3956D46DE8}") = "Solution Items", "Solution Items", "{D38887CD-1324-47FD-93C6-DE9E3259A463}"
	ProjectSection(SolutionItems) = preProject
		README.md = README.md
	EndProjectSection
EndProject
Project("{2150E333-8FDC-42A3-9474-1A3956D46DE8}") = "src", "src", "{C9A65C34-416B-47B8-817A-8AF0B6223088}"
EndProject
Project("{2150E333-8FDC-42A3-9474-1A3956D46DE8}") = "test", "test", "{1BB2F87A-699D-41A8-9850-2A625C8FBE64}"
EndProject
Project("{9A19103F-16F7-4668-BE54-9A1E7A4F7556}") = "log4net.Kafka.Core", "src\log4net.Kafka.Core\log4net.Kafka.Core.csproj", "{71EBF566-1C97-4D79-BC96-1897C6352982}"
EndProject
Project("{9A19103F-16F7-4668-BE54-9A1E7A4F7556}") = "log4net.Kafka.Core.Tests", "test\log4net.Kafka.Core.Tests\log4net.Kafka.Core.Tests.csproj", "{7EBE8A6B-7FFC-4951-9DA9-03F1054A97CA}"
EndProject
Global
	GlobalSection(SolutionConfigurationPlatforms) = preSolution
		Debug|Any CPU = Debug|Any CPU
		Release|Any CPU = Release|Any CPU
	EndGlobalSection
	GlobalSection(ProjectConfigurationPlatforms) = postSolution
		{71EBF566-1C97-4D79-BC96-1897C6352982}.Debug|Any CPU.ActiveCfg = Debug|Any CPU
		{71EBF566-1C97-4D79-BC96-1897C6352982}.Debug|Any CPU.Build.0 = Debug|Any CPU
		{71EBF566-1C97-4D79-BC96-1897C6352982}.Release|Any CPU.ActiveCfg = Release|Any CPU
		{71EBF566-1C97-4D79-BC96-1897C6352982}.Release|Any CPU.Build.0 = Release|Any CPU
		{7EBE8A6B-7FFC-4951-9DA9-03F1054A97CA}.Debug|Any CPU.ActiveCfg = Debug|Any CPU
		{7EBE8A6B-7FFC-4951-9DA9-03F1054A97CA}.Debug|Any CPU.Build.0 = Debug|Any CPU
		{7EBE8A6B-7FFC-4951-9DA9-03F1054A97CA}.Release|Any CPU.ActiveCfg = Release|Any CPU
		{7EBE8A6B-7FFC-4951-9DA9-03F1054A97CA}.Release|Any CPU.Build.0 = Release|Any CPU
	EndGlobalSection
	GlobalSection(SolutionProperties) = preSolution
		HideSolutionNode = FALSE
	EndGlobalSection
	GlobalSection(NestedProjects) = preSolution
		{71EBF566-1C97-4D79-BC96-1897C6352982} = {C9A65C34-416B-47B8-817A-8AF0B6223088}
		{7EBE8A6B-7FFC-4951-9DA9-03F1054A97CA} = {1BB2F87A-699D-41A8-9850-2A625C8FBE64}
	EndGlobalSection
	GlobalSection(ExtensibilityGlobals) = postSolution
		SolutionGuid = {23BC83A6-1B8D-4413-923D-0E0E6906A1AE}
	EndGlobalSection
EndGlobal
